
Microsoft Visual Studio Solution File, Format Version 12.00
# Visual Studio 15
VisualStudioVersion = 15.0.27428.2037
MinimumVisualStudioVersion = 10.0.40219.1
Project("{2150E333-8FDC-42A3-9474-1A3956D46DE8}") = "Solution Items", "Solution Items", "{6AADB6AF-EDDF-4E41-A87E-C97B8156AF6E}"
	ProjectSection(SolutionItems) = preProject
		.gitignore = .gitignore
		appveyor.yml = appveyor.yml
		.nuget\NuGet.Config = .nuget\NuGet.Config
		README.md = README.md
	EndProjectSection
EndProject
Project("{9A19103F-16F7-4668-BE54-9A1E7A4F7556}") = "TcbInternetSolutions.Vulcan.Core", "src\TcbInternetSolutions.Vulcan.Core\TcbInternetSolutions.Vulcan.Core.csproj", "{193748AD-DB0C-424B-931D-CC69F2CF0F1A}"
EndProject
Project("{9A19103F-16F7-4668-BE54-9A1E7A4F7556}") = "TcbInternetSolutions.Vulcan.AttachmentIndexer", "src\TcbInternetSolutions.Vulcan.AttachmentIndexer\TcbInternetSolutions.Vulcan.AttachmentIndexer.csproj", "{3C98395B-5E08-44D0-AC3A-0A6440C1C802}"
EndProject
Project("{9A19103F-16F7-4668-BE54-9A1E7A4F7556}") = "TcbInternetSolutions.Vulcan.Core.SearchProviders", "src\TcbInternetSolutions.Vulcan.Core.SearchProviders\TcbInternetSolutions.Vulcan.Core.SearchProviders.csproj", "{D86F5B46-620F-4E37-AF82-767B9244C577}"
EndProject
Project("{9A19103F-16F7-4668-BE54-9A1E7A4F7556}") = "TcbInternetSolutions.Vulcan.UI", "src\TcbInternetSolutions.Vulcan.UI\TcbInternetSolutions.Vulcan.UI.csproj", "{99A27C94-DF6B-46CE-92AD-D35E2E6A0BC6}"
EndProject
Project("{9A19103F-16F7-4668-BE54-9A1E7A4F7556}") = "TcbInternetSolutions.Vulcan.Commerce", "src\TcbInternetSolutions.Vulcan.Commerce\TcbInternetSolutions.Vulcan.Commerce.csproj", "{D35DF614-19C1-4CC8-9C46-982916B94C96}"
EndProject
Project("{9A19103F-16F7-4668-BE54-9A1E7A4F7556}") = "TcbInternetSolutions.Vulcan.Commerce.SearchProviders", "src\TcbInternetSolutions.Vulcan.Commerce.SearchProviders\TcbInternetSolutions.Vulcan.Commerce.SearchProviders.csproj", "{864615C1-2F0F-4639-805A-095A0C4CDECF}"
EndProject
Project("{9A19103F-16F7-4668-BE54-9A1E7A4F7556}") = "TcbInternetSolutions.Vulcan.Commerce.GoogleProductFeed", "src\TcbInternetSolutions.Vulcan.Commerce.GoogleProductFeed\TcbInternetSolutions.Vulcan.Commerce.GoogleProductFeed.csproj", "{C39A098C-D47C-45C6-AC74-3FEF10597866}"
EndProject
Project("{2150E333-8FDC-42A3-9474-1A3956D46DE8}") = "targets", "targets", "{09CE4433-208F-49F8-A60A-6A609C7485DE}"
	ProjectSection(SolutionItems) = preProject
		src\targets\AddReadMeMarkdown.targets = src\targets\AddReadMeMarkdown.targets
		src\targets\AddReleaseNotes.targets = src\targets\AddReleaseNotes.targets
		src\targets\CommonBuild.props = src\targets\CommonBuild.props
		src\targets\ZipEpiserverModule.targets = src\targets\ZipEpiserverModule.targets
	EndProjectSection
EndProject
Global
	GlobalSection(SolutionConfigurationPlatforms) = preSolution
		Debug|Any CPU = Debug|Any CPU
		Release|Any CPU = Release|Any CPU
	EndGlobalSection
	GlobalSection(ProjectConfigurationPlatforms) = postSolution
		{193748AD-DB0C-424B-931D-CC69F2CF0F1A}.Debug|Any CPU.ActiveCfg = Debug|Any CPU
		{193748AD-DB0C-424B-931D-CC69F2CF0F1A}.Debug|Any CPU.Build.0 = Debug|Any CPU
		{193748AD-DB0C-424B-931D-CC69F2CF0F1A}.Release|Any CPU.ActiveCfg = Release|Any CPU
		{193748AD-DB0C-424B-931D-CC69F2CF0F1A}.Release|Any CPU.Build.0 = Release|Any CPU
		{3C98395B-5E08-44D0-AC3A-0A6440C1C802}.Debug|Any CPU.ActiveCfg = Debug|Any CPU
		{3C98395B-5E08-44D0-AC3A-0A6440C1C802}.Debug|Any CPU.Build.0 = Debug|Any CPU
		{3C98395B-5E08-44D0-AC3A-0A6440C1C802}.Release|Any CPU.ActiveCfg = Release|Any CPU
		{3C98395B-5E08-44D0-AC3A-0A6440C1C802}.Release|Any CPU.Build.0 = Release|Any CPU
		{D86F5B46-620F-4E37-AF82-767B9244C577}.Debug|Any CPU.ActiveCfg = Debug|Any CPU
		{D86F5B46-620F-4E37-AF82-767B9244C577}.Debug|Any CPU.Build.0 = Debug|Any CPU
		{D86F5B46-620F-4E37-AF82-767B9244C577}.Release|Any CPU.ActiveCfg = Release|Any CPU
		{D86F5B46-620F-4E37-AF82-767B9244C577}.Release|Any CPU.Build.0 = Release|Any CPU
		{99A27C94-DF6B-46CE-92AD-D35E2E6A0BC6}.Debug|Any CPU.ActiveCfg = Debug|Any CPU
		{99A27C94-DF6B-46CE-92AD-D35E2E6A0BC6}.Debug|Any CPU.Build.0 = Debug|Any CPU
		{99A27C94-DF6B-46CE-92AD-D35E2E6A0BC6}.Release|Any CPU.ActiveCfg = Release|Any CPU
		{99A27C94-DF6B-46CE-92AD-D35E2E6A0BC6}.Release|Any CPU.Build.0 = Release|Any CPU
		{D35DF614-19C1-4CC8-9C46-982916B94C96}.Debug|Any CPU.ActiveCfg = Debug|Any CPU
		{D35DF614-19C1-4CC8-9C46-982916B94C96}.Debug|Any CPU.Build.0 = Debug|Any CPU
		{D35DF614-19C1-4CC8-9C46-982916B94C96}.Release|Any CPU.ActiveCfg = Release|Any CPU
		{D35DF614-19C1-4CC8-9C46-982916B94C96}.Release|Any CPU.Build.0 = Release|Any CPU
		{864615C1-2F0F-4639-805A-095A0C4CDECF}.Debug|Any CPU.ActiveCfg = Debug|Any CPU
		{864615C1-2F0F-4639-805A-095A0C4CDECF}.Debug|Any CPU.Build.0 = Debug|Any CPU
		{864615C1-2F0F-4639-805A-095A0C4CDECF}.Release|Any CPU.ActiveCfg = Release|Any CPU
		{864615C1-2F0F-4639-805A-095A0C4CDECF}.Release|Any CPU.Build.0 = Release|Any CPU
		{C39A098C-D47C-45C6-AC74-3FEF10597866}.Debug|Any CPU.ActiveCfg = Debug|Any CPU
		{C39A098C-D47C-45C6-AC74-3FEF10597866}.Debug|Any CPU.Build.0 = Debug|Any CPU
		{C39A098C-D47C-45C6-AC74-3FEF10597866}.Release|Any CPU.ActiveCfg = Release|Any CPU
		{C39A098C-D47C-45C6-AC74-3FEF10597866}.Release|Any CPU.Build.0 = Release|Any CPU
	EndGlobalSection
	GlobalSection(SolutionProperties) = preSolution
		HideSolutionNode = FALSE
	EndGlobalSection
	GlobalSection(ExtensibilityGlobals) = postSolution
		SolutionGuid = {7B846582-AAC0-497A-A35C-BC1E5EE66413}
	EndGlobalSection
EndGlobal
