
Microsoft Visual Studio Solution File, Format Version 12.00
# Visual Studio 14
VisualStudioVersion = 14.0.25420.1
MinimumVisualStudioVersion = 10.0.40219.1
Project("{FAE04EC0-301F-11D3-BF4B-00C04F79EFBC}") = "TcbInternetSolutions.Vulcan.Core", "TcbInternetSolutions.Vulcan.Core\TcbInternetSolutions.Vulcan.Core.csproj", "{74975F21-F58D-4204-9CCA-4CA890E3BF12}"
EndProject
Project("{FAE04EC0-301F-11D3-BF4B-00C04F79EFBC}") = "TcbInternetSolutions.Vulcan.UI", "TcbInternetSolutions.Vulcan.UI\TcbInternetSolutions.Vulcan.UI.csproj", "{F202B17A-A8D8-41DE-89E6-B48054E6EB24}"
EndProject
Project("{FAE04EC0-301F-11D3-BF4B-00C04F79EFBC}") = "TcbInternetSolutions.Vulcan.Commerce", "TcbInternetSolutions.Vulcan.Commerce\TcbInternetSolutions.Vulcan.Commerce.csproj", "{107DF714-4C78-4AA3-8F42-2C7AF9579212}"
EndProject
Project("{2150E333-8FDC-42A3-9474-1A3956D46DE8}") = "Solution Items", "Solution Items", "{6AADB6AF-EDDF-4E41-A87E-C97B8156AF6E}"
	ProjectSection(SolutionItems) = preProject
		.gitignore = .gitignore
		appveyor.yml = appveyor.yml
		README.md = README.md
	EndProjectSection
EndProject
Project("{FAE04EC0-301F-11D3-BF4B-00C04F79EFBC}") = "TcbInternetSolutions.Vulcan.AttachmentIndexer", "TcbInternetSolutions.Vulcan.AttachmentIndexer\TcbInternetSolutions.Vulcan.AttachmentIndexer.csproj", "{CCAB8ACF-3A0A-4570-A1BE-CB3B78CFB05D}"
EndProject
Project("{2150E333-8FDC-42A3-9474-1A3956D46DE8}") = ".nuget", ".nuget", "{1A4B37FC-D534-4278-80B0-BA632F30E4AC}"
	ProjectSection(SolutionItems) = preProject
		.nuget\NuGet.Config = .nuget\NuGet.Config
		.nuget\nuget.exe = .nuget\nuget.exe
		.nuget\pack.ps1 = .nuget\pack.ps1
		.nuget\setVersion.ps1 = .nuget\setVersion.ps1
	EndProjectSection
EndProject
Project("{FAE04EC0-301F-11D3-BF4B-00C04F79EFBC}") = "TcbInternetSolutions.Vulcan.Core.SearchProviders", "TcbInternetSolutions.Vulcan.Core.SearchProviders\TcbInternetSolutions.Vulcan.Core.SearchProviders.csproj", "{DCF03871-5019-4ADB-AB36-61F6F38C749D}"
EndProject
Project("{FAE04EC0-301F-11D3-BF4B-00C04F79EFBC}") = "TcbInternetSolutions.Vulcan.Commerce.SearchProviders", "TcbInternetSolutions.Vulcan.Commerce.SearchProviders\TcbInternetSolutions.Vulcan.Commerce.SearchProviders.csproj", "{F351568A-1809-4FD8-996E-D71E3D799970}"
EndProject
Global
	GlobalSection(SolutionConfigurationPlatforms) = preSolution
		Debug|Any CPU = Debug|Any CPU
		Release|Any CPU = Release|Any CPU
	EndGlobalSection
	GlobalSection(ProjectConfigurationPlatforms) = postSolution
		{74975F21-F58D-4204-9CCA-4CA890E3BF12}.Debug|Any CPU.ActiveCfg = Debug|Any CPU
		{74975F21-F58D-4204-9CCA-4CA890E3BF12}.Debug|Any CPU.Build.0 = Debug|Any CPU
		{74975F21-F58D-4204-9CCA-4CA890E3BF12}.Release|Any CPU.ActiveCfg = Release|Any CPU
		{74975F21-F58D-4204-9CCA-4CA890E3BF12}.Release|Any CPU.Build.0 = Release|Any CPU
		{F202B17A-A8D8-41DE-89E6-B48054E6EB24}.Debug|Any CPU.ActiveCfg = Debug|Any CPU
		{F202B17A-A8D8-41DE-89E6-B48054E6EB24}.Debug|Any CPU.Build.0 = Debug|Any CPU
		{F202B17A-A8D8-41DE-89E6-B48054E6EB24}.Release|Any CPU.ActiveCfg = Release|Any CPU
		{F202B17A-A8D8-41DE-89E6-B48054E6EB24}.Release|Any CPU.Build.0 = Release|Any CPU
		{107DF714-4C78-4AA3-8F42-2C7AF9579212}.Debug|Any CPU.ActiveCfg = Debug|Any CPU
		{107DF714-4C78-4AA3-8F42-2C7AF9579212}.Debug|Any CPU.Build.0 = Debug|Any CPU
		{107DF714-4C78-4AA3-8F42-2C7AF9579212}.Release|Any CPU.ActiveCfg = Release|Any CPU
		{107DF714-4C78-4AA3-8F42-2C7AF9579212}.Release|Any CPU.Build.0 = Release|Any CPU
		{CCAB8ACF-3A0A-4570-A1BE-CB3B78CFB05D}.Debug|Any CPU.ActiveCfg = Debug|Any CPU
		{CCAB8ACF-3A0A-4570-A1BE-CB3B78CFB05D}.Debug|Any CPU.Build.0 = Debug|Any CPU
		{CCAB8ACF-3A0A-4570-A1BE-CB3B78CFB05D}.Release|Any CPU.ActiveCfg = Release|Any CPU
		{CCAB8ACF-3A0A-4570-A1BE-CB3B78CFB05D}.Release|Any CPU.Build.0 = Release|Any CPU
		{DCF03871-5019-4ADB-AB36-61F6F38C749D}.Debug|Any CPU.ActiveCfg = Debug|Any CPU
		{DCF03871-5019-4ADB-AB36-61F6F38C749D}.Debug|Any CPU.Build.0 = Debug|Any CPU
		{DCF03871-5019-4ADB-AB36-61F6F38C749D}.Release|Any CPU.ActiveCfg = Release|Any CPU
		{DCF03871-5019-4ADB-AB36-61F6F38C749D}.Release|Any CPU.Build.0 = Release|Any CPU
		{F351568A-1809-4FD8-996E-D71E3D799970}.Debug|Any CPU.ActiveCfg = Debug|Any CPU
		{F351568A-1809-4FD8-996E-D71E3D799970}.Debug|Any CPU.Build.0 = Debug|Any CPU
		{F351568A-1809-4FD8-996E-D71E3D799970}.Release|Any CPU.ActiveCfg = Release|Any CPU
		{F351568A-1809-4FD8-996E-D71E3D799970}.Release|Any CPU.Build.0 = Release|Any CPU
	EndGlobalSection
	GlobalSection(SolutionProperties) = preSolution
		HideSolutionNode = FALSE
	EndGlobalSection
EndGlobal
